{
  "name": "willowDev",
  "version": "1.0.0",
  "lockfileVersion": 1,
  "requires": true,
  "dependencies": {
    "node-html-crawler": {
      "version": "1.2.2",
      "resolved": "https://registry.npmjs.org/node-html-crawler/-/node-html-crawler-1.2.2.tgz",
      "integrity": "sha512-chsBWiBkH/cqWOyftSsUYAqTFgkSPlFxnzVSJozr49Khwhk32ia9zfw4+p8/fwClVwoqfdu40g6sUiuln4QOFQ=="
    }
  }
}
