{
  "requires": true,
  "lockfileVersion": 1,
  "dependencies": {
    "cytoscape-context-menus": {
      "version": "4.0.0",
      "resolved": "https://registry.npmjs.org/cytoscape-context-menus/-/cytoscape-context-menus-4.0.0.tgz",
      "integrity": "sha512-+WC0r7nExd1e3gwHe2Pk0tcDU8MU1HIfbHs6Z3cfamZY2M+tAvP20X5SoregMQ6IN3IQkg4KU59q1hJlvbwzcw=="
    },
    "cytoscape-dagre": {
      "version": "2.3.2",
      "resolved": "https://registry.npmjs.org/cytoscape-dagre/-/cytoscape-dagre-2.3.2.tgz",
      "integrity": "sha512-dL9+RvGkatSlIdOKXiFwHpnpTo8ydFMqIYzZFkImJXNbDci3feyYxR46wFoaG9GFiWimc6XD9Lm0x29b1wvWpw==",
      "requires": {
        "dagre": "^0.8.5"
      }
    },
    "dagre": {
      "version": "0.8.5",
      "resolved": "https://registry.npmjs.org/dagre/-/dagre-0.8.5.tgz",
      "integrity": "sha512-/aTqmnRta7x7MCCpExk7HQL2O4owCT2h8NT//9I1OQ9vt29Pa0BzSAkR5lwFUcQ7491yVi/3CXU9jQ5o0Mn2Sw==",
      "requires": {
        "graphlib": "^2.1.8",
        "lodash": "^4.17.15"
      }
    },
    "graphlib": {
      "version": "2.1.8",
      "resolved": "https://registry.npmjs.org/graphlib/-/graphlib-2.1.8.tgz",
      "integrity": "sha512-jcLLfkpoVGmH7/InMC/1hIvOPSUh38oJtGhvrOFGzioE1DZ+0YW16RgmOJhHiuWTvGiJQ9Z1Ik43JvkRPRvE+A==",
      "requires": {
        "lodash": "^4.17.15"
      }
    },
    "lodash": {
      "version": "4.17.20",
      "resolved": "https://registry.npmjs.org/lodash/-/lodash-4.17.20.tgz",
      "integrity": "sha512-PlhdFcillOINfeV7Ni6oF1TAEayyZBoZ8bcshTHqOYJYlrqzRK5hagpagky5o4HfCzzd1TRkXPMFq6cKk9rGmA=="
    }
  }
}
